
Microsoft Visual Studio Solution File, Format Version 12.00
# Visual Studio Version 17
VisualStudioVersion = 17.11.35312.102
MinimumVisualStudioVersion = 10.0.40219.1
Project("{FAE04EC0-301F-11D3-BF4B-00C04F79EFBC}") = "laba3.3", "laba3.3\laba3.3.csproj", "{6A2C0525-A9AE-4C53-B223-ED9A9552CE72}"
EndProject
Global
	GlobalSection(SolutionConfigurationPlatforms) = preSolution
		Debug|Any CPU = Debug|Any CPU
		Release|Any CPU = Release|Any CPU
	EndGlobalSection
	GlobalSection(ProjectConfigurationPlatforms) = postSolution
		{6A2C0525-A9AE-4C53-B223-ED9A9552CE72}.Debug|Any CPU.ActiveCfg = Debug|Any CPU
		{6A2C0525-A9AE-4C53-B223-ED9A9552CE72}.Debug|Any CPU.Build.0 = Debug|Any CPU
		{6A2C0525-A9AE-4C53-B223-ED9A9552CE72}.Release|Any CPU.ActiveCfg = Release|Any CPU
		{6A2C0525-A9AE-4C53-B223-ED9A9552CE72}.Release|Any CPU.Build.0 = Release|Any CPU
	EndGlobalSection
	GlobalSection(SolutionProperties) = preSolution
		HideSolutionNode = FALSE
	EndGlobalSection
	GlobalSection(ExtensibilityGlobals) = postSolution
		SolutionGuid = {9FEF781E-74DD-43E5-97D5-75CD7418EFA7}
	EndGlobalSection
EndGlobal
